
Microsoft Visual Studio Solution File, Format Version 12.00
# Visual Studio Version 17
VisualStudioVersion = 17.12.35707.178 d17.12
MinimumVisualStudioVersion = 10.0.40219.1
Project("{FAE04EC0-301F-11D3-BF4B-00C04F79EFBC}") = "MetodosOrdenacion_CSharp", "MetodosOrdenacion_CSharp.csproj", "{BD47520C-7F99-4CDD-811C-E331D203305B}"
EndProject
Global
	GlobalSection(SolutionConfigurationPlatforms) = preSolution
		Debug|Any CPU = Debug|Any CPU
		Release|Any CPU = Release|Any CPU
	EndGlobalSection
	GlobalSection(ProjectConfigurationPlatforms) = postSolution
		{BD47520C-7F99-4CDD-811C-E331D203305B}.Debug|Any CPU.ActiveCfg = Debug|Any CPU
		{BD47520C-7F99-4CDD-811C-E331D203305B}.Debug|Any CPU.Build.0 = Debug|Any CPU
		{BD47520C-7F99-4CDD-811C-E331D203305B}.Release|Any CPU.ActiveCfg = Release|Any CPU
		{BD47520C-7F99-4CDD-811C-E331D203305B}.Release|Any CPU.Build.0 = Release|Any CPU
	EndGlobalSection
	GlobalSection(SolutionProperties) = preSolution
		HideSolutionNode = FALSE
	EndGlobalSection
EndGlobal
